// !$*UTF8*$!
{
	archiveVersion = 1;
	classes = {
	};
	objectVersion = 56;
	objects = {

/* Begin PBXBuildFile section */
		47B8210A2AD9D47F00E888EE /* SpringAnimationFromScratchApp.swift in Sources */ = {isa = PBXBuildFile; fileRef = 47B821092AD9D47F00E888EE /* SpringAnimationFromScratchApp.swift */; };
		47B8210C2AD9D47F00E888EE /* ContentView.swift in Sources */ = {isa = PBXBuildFile; fileRef = 47B8210B2AD9D47F00E888EE /* ContentView.swift */; };
		47B8210E2AD9D48000E888EE /* Assets.xcassets in Resources */ = {isa = PBXBuildFile; fileRef = 47B8210D2AD9D48000E888EE /* Assets.xcassets */; };
		47B821122AD9D48000E888EE /* Preview Assets.xcassets in Resources */ = {isa = PBXBuildFile; fileRef = 47B821112AD9D48000E888EE /* Preview Assets.xcassets */; };
		47B8211C2AD9D48000E888EE /* SpringAnimationFromScratchTests.swift in Sources */ = {isa = PBXBuildFile; fileRef = 47B8211B2AD9D48000E888EE /* SpringAnimationFromScratchTests.swift */; };
		47B821262AD9D48000E888EE /* SpringAnimationFromScratchUITests.swift in Sources */ = {isa = PBXBuildFile; fileRef = 47B821252AD9D48000E888EE /* SpringAnimationFromScratchUITests.swift */; };
		47B821282AD9D48000E888EE /* SpringAnimationFromScratchUITestsLaunchTests.swift in Sources */ = {isa = PBXBuildFile; fileRef = 47B821272AD9D48000E888EE /* SpringAnimationFromScratchUITestsLaunchTests.swift */; };
/* End PBXBuildFile section */

/* Begin PBXContainerItemProxy section */
		47B821182AD9D48000E888EE /* PBXContainerItemProxy */ = {
			isa = PBXContainerItemProxy;
			containerPortal = 47B820FE2AD9D47F00E888EE /* Project object */;
			proxyType = 1;
			remoteGlobalIDString = 47B821052AD9D47F00E888EE;
			remoteInfo = SpringAnimationFromScratch;
		};
		47B821222AD9D48000E888EE /* PBXContainerItemProxy */ = {
			isa = PBXContainerItemProxy;
			containerPortal = 47B820FE2AD9D47F00E888EE /* Project object */;
			proxyType = 1;
			remoteGlobalIDString = 47B821052AD9D47F00E888EE;
			remoteInfo = SpringAnimationFromScratch;
		};
/* End PBXContainerItemProxy section */

/* Begin PBXFileReference section */
		47B821062AD9D47F00E888EE /* SpringAnimationFromScratch.app */ = {isa = PBXFileReference; explicitFileType = wrapper.application; includeInIndex = 0; path = SpringAnimationFromScratch.app; sourceTree = BUILT_PRODUCTS_DIR; };
		47B821092AD9D47F00E888EE /* SpringAnimationFromScratchApp.swift */ = {isa = PBXFileReference; lastKnownFileType = sourcecode.swift; path = SpringAnimationFromScratchApp.swift; sourceTree = "<group>"; };
		47B8210B2AD9D47F00E888EE /* ContentView.swift */ = {isa = PBXFileReference; lastKnownFileType = sourcecode.swift; path = ContentView.swift; sourceTree = "<group>"; };
		47B8210D2AD9D48000E888EE /* Assets.xcassets */ = {isa = PBXFileReference; lastKnownFileType = folder.assetcatalog; path = Assets.xcassets; sourceTree = "<group>"; };
		47B8210F2AD9D48000E888EE /* SpringAnimationFromScratch.entitlements */ = {isa = PBXFileReference; lastKnownFileType = text.plist.entitlements; path = SpringAnimationFromScratch.entitlements; sourceTree = "<group>"; };
		47B821112AD9D48000E888EE /* Preview Assets.xcassets */ = {isa = PBXFileReference; lastKnownFileType = folder.assetcatalog; path = "Preview Assets.xcassets"; sourceTree = "<group>"; };
		47B821172AD9D48000E888EE /* SpringAnimationFromScratchTests.xctest */ = {isa = PBXFileReference; explicitFileType = wrapper.cfbundle; includeInIndex = 0; path = SpringAnimationFromScratchTests.xctest; sourceTree = BUILT_PRODUCTS_DIR; };
		47B8211B2AD9D48000E888EE /* SpringAnimationFromScratchTests.swift */ = {isa = PBXFileReference; lastKnownFileType = sourcecode.swift; path = SpringAnimationFromScratchTests.swift; sourceTree = "<group>"; };
		47B821212AD9D48000E888EE /* SpringAnimationFromScratchUITests.xctest */ = {isa = PBXFileReference; explicitFileType = wrapper.cfbundle; includeInIndex = 0; path = SpringAnimationFromScratchUITests.xctest; sourceTree = BUILT_PRODUCTS_DIR; };
		47B821252AD9D48000E888EE /* SpringAnimationFromScratchUITests.swift */ = {isa = PBXFileReference; lastKnownFileType = sourcecode.swift; path = SpringAnimationFromScratchUITests.swift; sourceTree = "<group>"; };
		47B821272AD9D48000E888EE /* SpringAnimationFromScratchUITestsLaunchTests.swift */ = {isa = PBXFileReference; lastKnownFileType = sourcecode.swift; path = SpringAnimationFromScratchUITestsLaunchTests.swift; sourceTree = "<group>"; };
/* End PBXFileReference section */

/* Begin PBXFrameworksBuildPhase section */
		47B821032AD9D47F00E888EE /* Frameworks */ = {
			isa = PBXFrameworksBuildPhase;
			buildActionMask = 2147483647;
			files = (
			);
			runOnlyForDeploymentPostprocessing = 0;
		};
		47B821142AD9D48000E888EE /* Frameworks */ = {
			isa = PBXFrameworksBuildPhase;
			buildActionMask = 2147483647;
			files = (
			);
			runOnlyForDeploymentPostprocessing = 0;
		};
		47B8211E2AD9D48000E888EE /* Frameworks */ = {
			isa = PBXFrameworksBuildPhase;
			buildActionMask = 2147483647;
			files = (
			);
			runOnlyForDeploymentPostprocessing = 0;
		};
/* End PBXFrameworksBuildPhase section */

/* Begin PBXGroup section */
		47B820FD2AD9D47F00E888EE = {
			isa = PBXGroup;
			children = (
				47B821082AD9D47F00E888EE /* SpringAnimationFromScratch */,
				47B8211A2AD9D48000E888EE /* SpringAnimationFromScratchTests */,
				47B821242AD9D48000E888EE /* SpringAnimationFromScratchUITests */,
				47B821072AD9D47F00E888EE /* Products */,
			);
			sourceTree = "<group>";
		};
		47B821072AD9D47F00E888EE /* Products */ = {
			isa = PBXGroup;
			children = (
				47B821062AD9D47F00E888EE /* SpringAnimationFromScratch.app */,
				47B821172AD9D48000E888EE /* SpringAnimationFromScratchTests.xctest */,
				47B821212AD9D48000E888EE /* SpringAnimationFromScratchUITests.xctest */,
			);
			name = Products;
			sourceTree = "<group>";
		};
		47B821082AD9D47F00E888EE /* SpringAnimationFromScratch */ = {
			isa = PBXGroup;
			children = (
				47B821092AD9D47F00E888EE /* SpringAnimationFromScratchApp.swift */,
				47B8210B2AD9D47F00E888EE /* ContentView.swift */,
				47B8210D2AD9D48000E888EE /* Assets.xcassets */,
				47B8210F2AD9D48000E888EE /* SpringAnimationFromScratch.entitlements */,
				47B821102AD9D48000E888EE /* Preview Content */,
			);
			path = SpringAnimationFromScratch;
			sourceTree = "<group>";
		};
		47B821102AD9D48000E888EE /* Preview Content */ = {
			isa = PBXGroup;
			children = (
				47B821112AD9D48000E888EE /* Preview Assets.xcassets */,
			);
			path = "Preview Content";
			sourceTree = "<group>";
		};
		47B8211A2AD9D48000E888EE /* SpringAnimationFromScratchTests */ = {
			isa = PBXGroup;
			children = (
				47B8211B2AD9D48000E888EE /* SpringAnimationFromScratchTests.swift */,
			);
			path = SpringAnimationFromScratchTests;
			sourceTree = "<group>";
		};
		47B821242AD9D48000E888EE /* SpringAnimationFromScratchUITests */ = {
			isa = PBXGroup;
			children = (
				47B821252AD9D48000E888EE /* SpringAnimationFromScratchUITests.swift */,
				47B821272AD9D48000E888EE /* SpringAnimationFromScratchUITestsLaunchTests.swift */,
			);
			path = SpringAnimationFromScratchUITests;
			sourceTree = "<group>";
		};
/* End PBXGroup section */

/* Begin PBXNativeTarget section */
		47B821052AD9D47F00E888EE /* SpringAnimationFromScratch */ = {
			isa = PBXNativeTarget;
			buildConfigurationList = 47B8212B2AD9D48000E888EE /* Build configuration list for PBXNativeTarget "SpringAnimationFromScratch" */;
			buildPhases = (
				47B821022AD9D47F00E888EE /* Sources */,
				47B821032AD9D47F00E888EE /* Frameworks */,
				47B821042AD9D47F00E888EE /* Resources */,
			);
			buildRules = (
			);
			dependencies = (
			);
			name = SpringAnimationFromScratch;
			productName = SpringAnimationFromScratch;
			productReference = 47B821062AD9D47F00E888EE /* SpringAnimationFromScratch.app */;
			productType = "com.apple.product-type.application";
		};
		47B821162AD9D48000E888EE /* SpringAnimationFromScratchTests */ = {
			isa = PBXNativeTarget;
			buildConfigurationList = 47B8212E2AD9D48000E888EE /* Build configuration list for PBXNativeTarget "SpringAnimationFromScratchTests" */;
			buildPhases = (
				47B821132AD9D48000E888EE /* Sources */,
				47B821142AD9D48000E888EE /* Frameworks */,
				47B821152AD9D48000E888EE /* Resources */,
			);
			buildRules = (
			);
			dependencies = (
				47B821192AD9D48000E888EE /* PBXTargetDependency */,
			);
			name = SpringAnimationFromScratchTests;
			productName = SpringAnimationFromScratchTests;
			productReference = 47B821172AD9D48000E888EE /* SpringAnimationFromScratchTests.xctest */;
			productType = "com.apple.product-type.bundle.unit-test";
		};
		47B821202AD9D48000E888EE /* SpringAnimationFromScratchUITests */ = {
			isa = PBXNativeTarget;
			buildConfigurationList = 47B821312AD9D48000E888EE /* Build configuration list for PBXNativeTarget "SpringAnimationFromScratchUITests" */;
			buildPhases = (
				47B8211D2AD9D48000E888EE /* Sources */,
				47B8211E2AD9D48000E888EE /* Frameworks */,
				47B8211F2AD9D48000E888EE /* Resources */,
			);
			buildRules = (
			);
			dependencies = (
				47B821232AD9D48000E888EE /* PBXTargetDependency */,
			);
			name = SpringAnimationFromScratchUITests;
			productName = SpringAnimationFromScratchUITests;
			productReference = 47B821212AD9D48000E888EE /* SpringAnimationFromScratchUITests.xctest */;
			productType = "com.apple.product-type.bundle.ui-testing";
		};
/* End PBXNativeTarget section */

/* Begin PBXProject section */
		47B820FE2AD9D47F00E888EE /* Project object */ = {
			isa = PBXProject;
			attributes = {
				BuildIndependentTargetsInParallel = 1;
				LastSwiftUpdateCheck = 1500;
				LastUpgradeCheck = 1500;
				TargetAttributes = {
					47B821052AD9D47F00E888EE = {
						CreatedOnToolsVersion = 15.0;
					};
					47B821162AD9D48000E888EE = {
						CreatedOnToolsVersion = 15.0;
						TestTargetID = 47B821052AD9D47F00E888EE;
					};
					47B821202AD9D48000E888EE = {
						CreatedOnToolsVersion = 15.0;
						TestTargetID = 47B821052AD9D47F00E888EE;
					};
				};
			};
			buildConfigurationList = 47B821012AD9D47F00E888EE /* Build configuration list for PBXProject "SpringAnimationFromScratch" */;
			compatibilityVersion = "Xcode 14.0";
			developmentRegion = en;
			hasScannedForEncodings = 0;
			knownRegions = (
				en,
				Base,
			);
			mainGroup = 47B820FD2AD9D47F00E888EE;
			productRefGroup = 47B821072AD9D47F00E888EE /* Products */;
			projectDirPath = "";
			projectRoot = "";
			targets = (
				47B821052AD9D47F00E888EE /* SpringAnimationFromScratch */,
				47B821162AD9D48000E888EE /* SpringAnimationFromScratchTests */,
				47B821202AD9D48000E888EE /* SpringAnimationFromScratchUITests */,
			);
		};
/* End PBXProject section */

/* Begin PBXResourcesBuildPhase section */
		47B821042AD9D47F00E888EE /* Resources */ = {
			isa = PBXResourcesBuildPhase;
			buildActionMask = 2147483647;
			files = (
				47B821122AD9D48000E888EE /* Preview Assets.xcassets in Resources */,
				47B8210E2AD9D48000E888EE /* Assets.xcassets in Resources */,
			);
			runOnlyForDeploymentPostprocessing = 0;
		};
		47B821152AD9D48000E888EE /* Resources */ = {
			isa = PBXResourcesBuildPhase;
			buildActionMask = 2147483647;
			files = (
			);
			runOnlyForDeploymentPostprocessing = 0;
		};
		47B8211F2AD9D48000E888EE /* Resources */ = {
			isa = PBXResourcesBuildPhase;
			buildActionMask = 2147483647;
			files = (
			);
			runOnlyForDeploymentPostprocessing = 0;
		};
/* End PBXResourcesBuildPhase section */

/* Begin PBXSourcesBuildPhase section */
		47B821022AD9D47F00E888EE /* Sources */ = {
			isa = PBXSourcesBuildPhase;
			buildActionMask = 2147483647;
			files = (
				47B8210C2AD9D47F00E888EE /* ContentView.swift in Sources */,
				47B8210A2AD9D47F00E888EE /* SpringAnimationFromScratchApp.swift in Sources */,
			);
			runOnlyForDeploymentPostprocessing = 0;
		};
		47B821132AD9D48000E888EE /* Sources */ = {
			isa = PBXSourcesBuildPhase;
			buildActionMask = 2147483647;
			files = (
				47B8211C2AD9D48000E888EE /* SpringAnimationFromScratchTests.swift in Sources */,
			);
			runOnlyForDeploymentPostprocessing = 0;
		};
		47B8211D2AD9D48000E888EE /* Sources */ = {
			isa = PBXSourcesBuildPhase;
			buildActionMask = 2147483647;
			files = (
				47B821262AD9D48000E888EE /* SpringAnimationFromScratchUITests.swift in Sources */,
				47B821282AD9D48000E888EE /* SpringAnimationFromScratchUITestsLaunchTests.swift in Sources */,
			);
			runOnlyForDeploymentPostprocessing = 0;
		};
/* End PBXSourcesBuildPhase section */

/* Begin PBXTargetDependency section */
		47B821192AD9D48000E888EE /* PBXTargetDependency */ = {
			isa = PBXTargetDependency;
			target = 47B821052AD9D47F00E888EE /* SpringAnimationFromScratch */;
			targetProxy = 47B821182AD9D48000E888EE /* PBXContainerItemProxy */;
		};
		47B821232AD9D48000E888EE /* PBXTargetDependency */ = {
			isa = PBXTargetDependency;
			target = 47B821052AD9D47F00E888EE /* SpringAnimationFromScratch */;
			targetProxy = 47B821222AD9D48000E888EE /* PBXContainerItemProxy */;
		};
/* End PBXTargetDependency section */

/* Begin XCBuildConfiguration section */
		47B821292AD9D48000E888EE /* Debug */ = {
			isa = XCBuildConfiguration;
			buildSettings = {
				ALWAYS_SEARCH_USER_PATHS = NO;
				ASSETCATALOG_COMPILER_GENERATE_SWIFT_ASSET_SYMBOL_EXTENSIONS = YES;
				CLANG_ANALYZER_NONNULL = YES;
				CLANG_ANALYZER_NUMBER_OBJECT_CONVERSION = YES_AGGRESSIVE;
				CLANG_CXX_LANGUAGE_STANDARD = "gnu++20";
				CLANG_ENABLE_MODULES = YES;
				CLANG_ENABLE_OBJC_ARC = YES;
				CLANG_ENABLE_OBJC_WEAK = YES;
				CLANG_WARN_BLOCK_CAPTURE_AUTORELEASING = YES;
				CLANG_WARN_BOOL_CONVERSION = YES;
				CLANG_WARN_COMMA = YES;
				CLANG_WARN_CONSTANT_CONVERSION = YES;
				CLANG_WARN_DEPRECATED_OBJC_IMPLEMENTATIONS = YES;
				CLANG_WARN_DIRECT_OBJC_ISA_USAGE = YES_ERROR;
				CLANG_WARN_DOCUMENTATION_COMMENTS = YES;
				CLANG_WARN_EMPTY_BODY = YES;
				CLANG_WARN_ENUM_CONVERSION = YES;
				CLANG_WARN_INFINITE_RECURSION = YES;
				CLANG_WARN_INT_CONVERSION = YES;
				CLANG_WARN_NON_LITERAL_NULL_CONVERSION = YES;
				CLANG_WARN_OBJC_IMPLICIT_RETAIN_SELF = YES;
				CLANG_WARN_OBJC_LITERAL_CONVERSION = YES;
				CLANG_WARN_OBJC_ROOT_CLASS = YES_ERROR;
				CLANG_WARN_QUOTED_INCLUDE_IN_FRAMEWORK_HEADER = YES;
				CLANG_WARN_RANGE_LOOP_ANALYSIS = YES;
				CLANG_WARN_STRICT_PROTOTYPES = YES;
				CLANG_WARN_SUSPICIOUS_MOVE = YES;
				CLANG_WARN_UNGUARDED_AVAILABILITY = YES_AGGRESSIVE;
				CLANG_WARN_UNREACHABLE_CODE = YES;
				CLANG_WARN__DUPLICATE_METHOD_MATCH = YES;
				COPY_PHASE_STRIP = NO;
				DEBUG_INFORMATION_FORMAT = dwarf;
				ENABLE_STRICT_OBJC_MSGSEND = YES;
				ENABLE_TESTABILITY = YES;
				ENABLE_USER_SCRIPT_SANDBOXING = YES;
				GCC_C_LANGUAGE_STANDARD = gnu17;
				GCC_DYNAMIC_NO_PIC = NO;
				GCC_NO_COMMON_BLOCKS = YES;
				GCC_OPTIMIZATION_LEVEL = 0;
				GCC_PREPROCESSOR_DEFINITIONS = (
					"DEBUG=1",
					"$(inherited)",
				);
				GCC_WARN_64_TO_32_BIT_CONVERSION = YES;
				GCC_WARN_ABOUT_RETURN_TYPE = YES_ERROR;
				GCC_WARN_UNDECLARED_SELECTOR = YES;
				GCC_WARN_UNINITIALIZED_AUTOS = YES_AGGRESSIVE;
				GCC_WARN_UNUSED_FUNCTION = YES;
				GCC_WARN_UNUSED_VARIABLE = YES;
				LOCALIZATION_PREFERS_STRING_CATALOGS = YES;
				MTL_ENABLE_DEBUG_INFO = INCLUDE_SOURCE;
				MTL_FAST_MATH = YES;
				ONLY_ACTIVE_ARCH = YES;
				SWIFT_ACTIVE_COMPILATION_CONDITIONS = "DEBUG $(inherited)";
				SWIFT_OPTIMIZATION_LEVEL = "-Onone";
			};
			name = Debug;
		};
		47B8212A2AD9D48000E888EE /* Release */ = {
			isa = XCBuildConfiguration;
			buildSettings = {
				ALWAYS_SEARCH_USER_PATHS = NO;
				ASSETCATALOG_COMPILER_GENERATE_SWIFT_ASSET_SYMBOL_EXTENSIONS = YES;
				CLANG_ANALYZER_NONNULL = YES;
				CLANG_ANALYZER_NUMBER_OBJECT_CONVERSION = YES_AGGRESSIVE;
				CLANG_CXX_LANGUAGE_STANDARD = "gnu++20";
				CLANG_ENABLE_MODULES = YES;
				CLANG_ENABLE_OBJC_ARC = YES;
				CLANG_ENABLE_OBJC_WEAK = YES;
				CLANG_WARN_BLOCK_CAPTURE_AUTORELEASING = YES;
				CLANG_WARN_BOOL_CONVERSION = YES;
				CLANG_WARN_COMMA = YES;
				CLANG_WARN_CONSTANT_CONVERSION = YES;
				CLANG_WARN_DEPRECATED_OBJC_IMPLEMENTATIONS = YES;
				CLANG_WARN_DIRECT_OBJC_ISA_USAGE = YES_ERROR;
				CLANG_WARN_DOCUMENTATION_COMMENTS = YES;
				CLANG_WARN_EMPTY_BODY = YES;
				CLANG_WARN_ENUM_CONVERSION = YES;
				CLANG_WARN_INFINITE_RECURSION = YES;
				CLANG_WARN_INT_CONVERSION = YES;
				CLANG_WARN_NON_LITERAL_NULL_CONVERSION = YES;
				CLANG_WARN_OBJC_IMPLICIT_RETAIN_SELF = YES;
				CLANG_WARN_OBJC_LITERAL_CONVERSION = YES;
				CLANG_WARN_OBJC_ROOT_CLASS = YES_ERROR;
				CLANG_WARN_QUOTED_INCLUDE_IN_FRAMEWORK_HEADER = YES;
				CLANG_WARN_RANGE_LOOP_ANALYSIS = YES;
				CLANG_WARN_STRICT_PROTOTYPES = YES;
				CLANG_WARN_SUSPICIOUS_MOVE = YES;
				CLANG_WARN_UNGUARDED_AVAILABILITY = YES_AGGRESSIVE;
				CLANG_WARN_UNREACHABLE_CODE = YES;
				CLANG_WARN__DUPLICATE_METHOD_MATCH = YES;
				COPY_PHASE_STRIP = NO;
				DEBUG_INFORMATION_FORMAT = "dwarf-with-dsym";
				ENABLE_NS_ASSERTIONS = NO;
				ENABLE_STRICT_OBJC_MSGSEND = YES;
				ENABLE_USER_SCRIPT_SANDBOXING = YES;
				GCC_C_LANGUAGE_STANDARD = gnu17;
				GCC_NO_COMMON_BLOCKS = YES;
				GCC_WARN_64_TO_32_BIT_CONVERSION = YES;
				GCC_WARN_ABOUT_RETURN_TYPE = YES_ERROR;
				GCC_WARN_UNDECLARED_SELECTOR = YES;
				GCC_WARN_UNINITIALIZED_AUTOS = YES_AGGRESSIVE;
				GCC_WARN_UNUSED_FUNCTION = YES;
				GCC_WARN_UNUSED_VARIABLE = YES;
				LOCALIZATION_PREFERS_STRING_CATALOGS = YES;
				MTL_ENABLE_DEBUG_INFO = NO;
				MTL_FAST_MATH = YES;
				SWIFT_COMPILATION_MODE = wholemodule;
			};
			name = Release;
		};
		47B8212C2AD9D48000E888EE /* Debug */ = {
			isa = XCBuildConfiguration;
			buildSettings = {
				ASSETCATALOG_COMPILER_APPICON_NAME = AppIcon;
				ASSETCATALOG_COMPILER_GLOBAL_ACCENT_COLOR_NAME = AccentColor;
				CODE_SIGN_ENTITLEMENTS = SpringAnimationFromScratch/SpringAnimationFromScratch.entitlements;
				CODE_SIGN_STYLE = Automatic;
				CURRENT_PROJECT_VERSION = 1;
				DEVELOPMENT_ASSET_PATHS = "\"SpringAnimationFromScratch/Preview Content\"";
				DEVELOPMENT_TEAM = QC99C9JE59;
				ENABLE_HARDENED_RUNTIME = YES;
				ENABLE_PREVIEWS = YES;
				GENERATE_INFOPLIST_FILE = YES;
				"INFOPLIST_KEY_UIApplicationSceneManifest_Generation[sdk=iphoneos*]" = YES;
				"INFOPLIST_KEY_UIApplicationSceneManifest_Generation[sdk=iphonesimulator*]" = YES;
				"INFOPLIST_KEY_UIApplicationSupportsIndirectInputEvents[sdk=iphoneos*]" = YES;
				"INFOPLIST_KEY_UIApplicationSupportsIndirectInputEvents[sdk=iphonesimulator*]" = YES;
				"INFOPLIST_KEY_UILaunchScreen_Generation[sdk=iphoneos*]" = YES;
				"INFOPLIST_KEY_UILaunchScreen_Generation[sdk=iphonesimulator*]" = YES;
				"INFOPLIST_KEY_UIStatusBarStyle[sdk=iphoneos*]" = UIStatusBarStyleDefault;
				"INFOPLIST_KEY_UIStatusBarStyle[sdk=iphonesimulator*]" = UIStatusBarStyleDefault;
				INFOPLIST_KEY_UISupportedInterfaceOrientations_iPad = "UIInterfaceOrientationPortrait UIInterfaceOrientationPortraitUpsideDown UIInterfaceOrientationLandscapeLeft UIInterfaceOrientationLandscapeRight";
				INFOPLIST_KEY_UISupportedInterfaceOrientations_iPhone = "UIInterfaceOrientationPortrait UIInterfaceOrientationLandscapeLeft UIInterfaceOrientationLandscapeRight";
				IPHONEOS_DEPLOYMENT_TARGET = 17.0;
				LD_RUNPATH_SEARCH_PATHS = "@executable_path/Frameworks";
				"LD_RUNPATH_SEARCH_PATHS[sdk=macosx*]" = "@executable_path/../Frameworks";
				MACOSX_DEPLOYMENT_TARGET = 14.0;
				MARKETING_VERSION = 1.0;
				PRODUCT_BUNDLE_IDENTIFIER = com.kitlangton.SpringAnimationFromScratch;
				PRODUCT_NAME = "$(TARGET_NAME)";
				SDKROOT = auto;
				SUPPORTED_PLATFORMS = "iphoneos iphonesimulator macosx";
				SWIFT_EMIT_LOC_STRINGS = YES;
				SWIFT_VERSION = 5.0;
				TARGETED_DEVICE_FAMILY = "1,2";
			};
			name = Debug;
		};
		47B8212D2AD9D48000E888EE /* Release */ = {
			isa = XCBuildConfiguration;
			buildSettings = {
				ASSETCATALOG_COMPILER_APPICON_NAME = AppIcon;
				ASSETCATALOG_COMPILER_GLOBAL_ACCENT_COLOR_NAME = AccentColor;
				CODE_SIGN_ENTITLEMENTS = SpringAnimationFromScratch/SpringAnimationFromScratch.entitlements;
				CODE_SIGN_STYLE = Automatic;
				CURRENT_PROJECT_VERSION = 1;
				DEVELOPMENT_ASSET_PATHS = "\"SpringAnimationFromScratch/Preview Content\"";
				DEVELOPMENT_TEAM = QC99C9JE59;
				ENABLE_HARDENED_RUNTIME = YES;
				ENABLE_PREVIEWS = YES;
				GENERATE_INFOPLIST_FILE = YES;
				"INFOPLIST_KEY_UIApplicationSceneManifest_Generation[sdk=iphoneos*]" = YES;
				"INFOPLIST_KEY_UIApplicationSceneManifest_Generation[sdk=iphonesimulator*]" = YES;
				"INFOPLIST_KEY_UIApplicationSupportsIndirectInputEvents[sdk=iphoneos*]" = YES;
				"INFOPLIST_KEY_UIApplicationSupportsIndirectInputEvents[sdk=iphonesimulator*]" = YES;
				"INFOPLIST_KEY_UILaunchScreen_Generation[sdk=iphoneos*]" = YES;
				"INFOPLIST_KEY_UILaunchScreen_Generation[sdk=iphonesimulator*]" = YES;
				"INFOPLIST_KEY_UIStatusBarStyle[sdk=iphoneos*]" = UIStatusBarStyleDefault;
				"INFOPLIST_KEY_UIStatusBarStyle[sdk=iphonesimulator*]" = UIStatusBarStyleDefault;
				INFOPLIST_KEY_UISupportedInterfaceOrientations_iPad = "UIInterfaceOrientationPortrait UIInterfaceOrientationPortraitUpsideDown UIInterfaceOrientationLandscapeLeft UIInterfaceOrientationLandscapeRight";
				INFOPLIST_KEY_UISupportedInterfaceOrientations_iPhone = "UIInterfaceOrientationPortrait UIInterfaceOrientationLandscapeLeft UIInterfaceOrientationLandscapeRight";
				IPHONEOS_DEPLOYMENT_TARGET = 17.0;
				LD_RUNPATH_SEARCH_PATHS = "@executable_path/Frameworks";
				"LD_RUNPATH_SEARCH_PATHS[sdk=macosx*]" = "@executable_path/../Frameworks";
				MACOSX_DEPLOYMENT_TARGET = 14.0;
				MARKETING_VERSION = 1.0;
				PRODUCT_BUNDLE_IDENTIFIER = com.kitlangton.SpringAnimationFromScratch;
				PRODUCT_NAME = "$(TARGET_NAME)";
				SDKROOT = auto;
				SUPPORTED_PLATFORMS = "iphoneos iphonesimulator macosx";
				SWIFT_EMIT_LOC_STRINGS = YES;
				SWIFT_VERSION = 5.0;
				TARGETED_DEVICE_FAMILY = "1,2";
			};
			name = Release;
		};
		47B8212F2AD9D48000E888EE /* Debug */ = {
			isa = XCBuildConfiguration;
			buildSettings = {
				ALWAYS_EMBED_SWIFT_STANDARD_LIBRARIES = YES;
				BUNDLE_LOADER = "$(TEST_HOST)";
				CODE_SIGN_STYLE = Automatic;
				CURRENT_PROJECT_VERSION = 1;
				DEVELOPMENT_TEAM = QC99C9JE59;
				GENERATE_INFOPLIST_FILE = YES;
				IPHONEOS_DEPLOYMENT_TARGET = 17.0;
				MACOSX_DEPLOYMENT_TARGET = 14.0;
				MARKETING_VERSION = 1.0;
				PRODUCT_BUNDLE_IDENTIFIER = com.kitlangton.SpringAnimationFromScratchTests;
				PRODUCT_NAME = "$(TARGET_NAME)";
				SDKROOT = auto;
				SUPPORTED_PLATFORMS = "iphoneos iphonesimulator macosx";
				SWIFT_EMIT_LOC_STRINGS = NO;
				SWIFT_VERSION = 5.0;
				TARGETED_DEVICE_FAMILY = "1,2";
				TEST_HOST = "$(BUILT_PRODUCTS_DIR)/SpringAnimationFromScratch.app/$(BUNDLE_EXECUTABLE_FOLDER_PATH)/SpringAnimationFromScratch";
			};
			name = Debug;
		};
		47B821302AD9D48000E888EE /* Release */ = {
			isa = XCBuildConfiguration;
			buildSettings = {
				ALWAYS_EMBED_SWIFT_STANDARD_LIBRARIES = YES;
				BUNDLE_LOADER = "$(TEST_HOST)";
				CODE_SIGN_STYLE = Automatic;
				CURRENT_PROJECT_VERSION = 1;
				DEVELOPMENT_TEAM = QC99C9JE59;
				GENERATE_INFOPLIST_FILE = YES;
				IPHONEOS_DEPLOYMENT_TARGET = 17.0;
				MACOSX_DEPLOYMENT_TARGET = 14.0;
				MARKETING_VERSION = 1.0;
				PRODUCT_BUNDLE_IDENTIFIER = com.kitlangton.SpringAnimationFromScratchTests;
				PRODUCT_NAME = "$(TARGET_NAME)";
				SDKROOT = auto;
				SUPPORTED_PLATFORMS = "iphoneos iphonesimulator macosx";
				SWIFT_EMIT_LOC_STRINGS = NO;
				SWIFT_VERSION = 5.0;
				TARGETED_DEVICE_FAMILY = "1,2";
				TEST_HOST = "$(BUILT_PRODUCTS_DIR)/SpringAnimationFromScratch.app/$(BUNDLE_EXECUTABLE_FOLDER_PATH)/SpringAnimationFromScratch";
			};
			name = Release;
		};
		47B821322AD9D48000E888EE /* Debug */ = {
			isa = XCBuildConfiguration;
			buildSettings = {
				ALWAYS_EMBED_SWIFT_STANDARD_LIBRARIES = YES;
				CODE_SIGN_STYLE = Automatic;
				CURRENT_PROJECT_VERSION = 1;
				DEVELOPMENT_TEAM = QC99C9JE59;
				GENERATE_INFOPLIST_FILE = YES;
				IPHONEOS_DEPLOYMENT_TARGET = 17.0;
				MACOSX_DEPLOYMENT_TARGET = 14.0;
				MARKETING_VERSION = 1.0;
				PRODUCT_BUNDLE_IDENTIFIER = com.kitlangton.SpringAnimationFromScratchUITests;
				PRODUCT_NAME = "$(TARGET_NAME)";
				SDKROOT = auto;
				SUPPORTED_PLATFORMS = "iphoneos iphonesimulator macosx";
				SWIFT_EMIT_LOC_STRINGS = NO;
				SWIFT_VERSION = 5.0;
				TARGETED_DEVICE_FAMILY = "1,2";
				TEST_TARGET_NAME = SpringAnimationFromScratch;
			};
			name = Debug;
		};
		47B821332AD9D48000E888EE /* Release */ = {
			isa = XCBuildConfiguration;
			buildSettings = {
				ALWAYS_EMBED_SWIFT_STANDARD_LIBRARIES = YES;
				CODE_SIGN_STYLE = Automatic;
				CURRENT_PROJECT_VERSION = 1;
				DEVELOPMENT_TEAM = QC99C9JE59;
				GENERATE_INFOPLIST_FILE = YES;
				IPHONEOS_DEPLOYMENT_TARGET = 17.0;
				MACOSX_DEPLOYMENT_TARGET = 14.0;
				MARKETING_VERSION = 1.0;
				PRODUCT_BUNDLE_IDENTIFIER = com.kitlangton.SpringAnimationFromScratchUITests;
				PRODUCT_NAME = "$(TARGET_NAME)";
				SDKROOT = auto;
				SUPPORTED_PLATFORMS = "iphoneos iphonesimulator macosx";
				SWIFT_EMIT_LOC_STRINGS = NO;
				SWIFT_VERSION = 5.0;
				TARGETED_DEVICE_FAMILY = "1,2";
				TEST_TARGET_NAME = SpringAnimationFromScratch;
			};
			name = Release;
		};
/* End XCBuildConfiguration section */

/* Begin XCConfigurationList section */
		47B821012AD9D47F00E888EE /* Build configuration list for PBXProject "SpringAnimationFromScratch" */ = {
			isa = XCConfigurationList;
			buildConfigurations = (
				47B821292AD9D48000E888EE /* Debug */,
				47B8212A2AD9D48000E888EE /* Release */,
			);
			defaultConfigurationIsVisible = 0;
			defaultConfigurationName = Release;
		};
		47B8212B2AD9D48000E888EE /* Build configuration list for PBXNativeTarget "SpringAnimationFromScratch" */ = {
			isa = XCConfigurationList;
			buildConfigurations = (
				47B8212C2AD9D48000E888EE /* Debug */,
				47B8212D2AD9D48000E888EE /* Release */,
			);
			defaultConfigurationIsVisible = 0;
			defaultConfigurationName = Release;
		};
		47B8212E2AD9D48000E888EE /* Build configuration list for PBXNativeTarget "SpringAnimationFromScratchTests" */ = {
			isa = XCConfigurationList;
			buildConfigurations = (
				47B8212F2AD9D48000E888EE /* Debug */,
				47B821302AD9D48000E888EE /* Release */,
			);
			defaultConfigurationIsVisible = 0;
			defaultConfigurationName = Release;
		};
		47B821312AD9D48000E888EE /* Build configuration list for PBXNativeTarget "SpringAnimationFromScratchUITests" */ = {
			isa = XCConfigurationList;
			buildConfigurations = (
				47B821322AD9D48000E888EE /* Debug */,
				47B821332AD9D48000E888EE /* Release */,
			);
			defaultConfigurationIsVisible = 0;
			defaultConfigurationName = Release;
		};
/* End XCConfigurationList section */
	};
	rootObject = 47B820FE2AD9D47F00E888EE /* Project object */;
}
